
Microsoft Visual Studio Solution File, Format Version 12.00
# Visual Studio 15
VisualStudioVersion = 15.0.27703.2026
MinimumVisualStudioVersion = 10.0.40219.1
Project("{FAE04EC0-301F-11D3-BF4B-00C04F79EFBC}") = "OSTIoTWorkshop", "OSTIoTWorkshop\OSTIoTWorkshop.csproj", "{E1516F12-278C-4FCB-96C6-381450CDD9F7}"
EndProject
Global
	GlobalSection(SolutionConfigurationPlatforms) = preSolution
		Debug|Any CPU = Debug|Any CPU
		Release|Any CPU = Release|Any CPU
	EndGlobalSection
	GlobalSection(ProjectConfigurationPlatforms) = postSolution
		{E1516F12-278C-4FCB-96C6-381450CDD9F7}.Debug|Any CPU.ActiveCfg = Debug|Any CPU
		{E1516F12-278C-4FCB-96C6-381450CDD9F7}.Debug|Any CPU.Build.0 = Debug|Any CPU
		{E1516F12-278C-4FCB-96C6-381450CDD9F7}.Release|Any CPU.ActiveCfg = Release|Any CPU
		{E1516F12-278C-4FCB-96C6-381450CDD9F7}.Release|Any CPU.Build.0 = Release|Any CPU
	EndGlobalSection
	GlobalSection(SolutionProperties) = preSolution
		HideSolutionNode = FALSE
	EndGlobalSection
	GlobalSection(ExtensibilityGlobals) = postSolution
		SolutionGuid = {D18D052A-34E9-4BD9-97F2-7E938FAC4EBA}
	EndGlobalSection
EndGlobal
